{
  "status": "resolved",
  "python": "3.9.25 (main, Nov  3 2025, 22:44:01) [MSC v.1929 64 bit (AMD64)]",
  "python_executable": "D:\\Paper\\envs\\rsc_pf_diffopt_v4\\python.exe",
  "platform": "Windows-10-10.0.26200-SP0",
  "requirements_sha256": "2bdd4de07b899c90373429a8e1c8bdcebb7f46f4cabf05c01a8cbecfc9e04913",
  "requirements_hash_mode": "utf8_lf_v1",
  "packages": {
    "numpy": "1.26.4",
    "torch": "2.8.0+cpu",
    "cvxpy": "1.7.5",
    "cvxpylayers": "0.1.6",
    "diffcp": "1.0.23",
    "ecos": "2.0.14"
  },
  "native_layer_probe": {
    "status": "passed",
    "reason": "two-variable cvxpylayers SCS probe returned finite primal values and finite nonzero autograd gradients after pinning NumPy 1.26.4",
    "eligible_for_gate0": true
  }
}
